
Microsoft Visual Studio Solution File, Format Version 12.00
# Visual Studio Version 16
VisualStudioVersion = 16.0.30523.141
MinimumVisualStudioVersion = 10.0.40219.1
Project("{FAE04EC0-301F-11D3-BF4B-00C04F79EFBC}") = "Test_json", "Test_json\Test_json.csproj", "{CAEF14E9-16A9-4FCA-A4F6-9943FA8A39F3}"
EndProject
Global
	GlobalSection(SolutionConfigurationPlatforms) = preSolution
		Debug|Any CPU = Debug|Any CPU
		Release|Any CPU = Release|Any CPU
	EndGlobalSection
	GlobalSection(ProjectConfigurationPlatforms) = postSolution
		{CAEF14E9-16A9-4FCA-A4F6-9943FA8A39F3}.Debug|Any CPU.ActiveCfg = Debug|Any CPU
		{CAEF14E9-16A9-4FCA-A4F6-9943FA8A39F3}.Debug|Any CPU.Build.0 = Debug|Any CPU
		{CAEF14E9-16A9-4FCA-A4F6-9943FA8A39F3}.Release|Any CPU.ActiveCfg = Release|Any CPU
		{CAEF14E9-16A9-4FCA-A4F6-9943FA8A39F3}.Release|Any CPU.Build.0 = Release|Any CPU
	EndGlobalSection
	GlobalSection(SolutionProperties) = preSolution
		HideSolutionNode = FALSE
	EndGlobalSection
	GlobalSection(ExtensibilityGlobals) = postSolution
		SolutionGuid = {8C47F2E1-C035-4343-8678-AD85501B14C5}
	EndGlobalSection
EndGlobal
